
Microsoft Visual Studio Solution File, Format Version 12.00
# Visual Studio Version 17
VisualStudioVersion = 17.3.32929.385
MinimumVisualStudioVersion = 10.0.40219.1
Project("{FAE04EC0-301F-11D3-BF4B-00C04F79EFBC}") = "NZWalks.API", "NZWalks.API\NZWalks.API.csproj", "{EE51D077-09AF-48D0-B0A3-05BD372252D0}"
EndProject
Global
	GlobalSection(SolutionConfigurationPlatforms) = preSolution
		Debug|Any CPU = Debug|Any CPU
		Release|Any CPU = Release|Any CPU
	EndGlobalSection
	GlobalSection(ProjectConfigurationPlatforms) = postSolution
		{EE51D077-09AF-48D0-B0A3-05BD372252D0}.Debug|Any CPU.ActiveCfg = Debug|Any CPU
		{EE51D077-09AF-48D0-B0A3-05BD372252D0}.Debug|Any CPU.Build.0 = Debug|Any CPU
		{EE51D077-09AF-48D0-B0A3-05BD372252D0}.Release|Any CPU.ActiveCfg = Release|Any CPU
		{EE51D077-09AF-48D0-B0A3-05BD372252D0}.Release|Any CPU.Build.0 = Release|Any CPU
	EndGlobalSection
	GlobalSection(SolutionProperties) = preSolution
		HideSolutionNode = FALSE
	EndGlobalSection
	GlobalSection(ExtensibilityGlobals) = postSolution
		SolutionGuid = {123C88AD-85FB-43D1-A3A7-876E6CC8FCBC}
	EndGlobalSection
EndGlobal
